// !$*UTF8*$!
{
	archiveVersion = 1;
	classes = {
	};
	objectVersion = 52;
	objects = {

/* Begin PBXBuildFile section */
		E417E164251969C9006B7E96 /* SettingsError.swift in Sources */ = {isa = PBXBuildFile; fileRef = E417E163251969C9006B7E96 /* SettingsError.swift */; };
		E417E16C2519708A006B7E96 /* SettingsValidator.swift in Sources */ = {isa = PBXBuildFile; fileRef = E417E16B2519708A006B7E96 /* SettingsValidator.swift */; };
		E43A9EF924D0C771000C23DB /* AppDelegate.swift in Sources */ = {isa = PBXBuildFile; fileRef = E43A9EF824D0C771000C23DB /* AppDelegate.swift */; };
		E43A9EFB24D0C771000C23DB /* SceneDelegate.swift in Sources */ = {isa = PBXBuildFile; fileRef = E43A9EFA24D0C771000C23DB /* SceneDelegate.swift */; };
		E43A9EFD24D0C771000C23DB /* ViewController.swift in Sources */ = {isa = PBXBuildFile; fileRef = E43A9EFC24D0C771000C23DB /* ViewController.swift */; };
		E43A9F0024D0C771000C23DB /* Main.storyboard in Resources */ = {isa = PBXBuildFile; fileRef = E43A9EFE24D0C771000C23DB /* Main.storyboard */; };
		E43A9F0224D0C774000C23DB /* Assets.xcassets in Resources */ = {isa = PBXBuildFile; fileRef = E43A9F0124D0C774000C23DB /* Assets.xcassets */; };
		E43A9F0524D0C774000C23DB /* LaunchScreen.storyboard in Resources */ = {isa = PBXBuildFile; fileRef = E43A9F0324D0C774000C23DB /* LaunchScreen.storyboard */; };
		E43A9F1324D0C7F7000C23DB /* ShareViewController.swift in Sources */ = {isa = PBXBuildFile; fileRef = E43A9F1224D0C7F7000C23DB /* ShareViewController.swift */; };
		E43A9F1624D0C7F7000C23DB /* MainInterface.storyboard in Resources */ = {isa = PBXBuildFile; fileRef = E43A9F1424D0C7F7000C23DB /* MainInterface.storyboard */; };
		E43A9F1A24D0C7F7000C23DB /* Share.appex in Embed App Extensions */ = {isa = PBXBuildFile; fileRef = E43A9F1024D0C7F7000C23DB /* Share.appex */; settings = {ATTRIBUTES = (RemoveHeadersOnCopy, ); }; };
		E43A9F2024D1D332000C23DB /* Radarr.swift in Sources */ = {isa = PBXBuildFile; fileRef = E43A9F1F24D1D332000C23DB /* Radarr.swift */; };
		E43A9F2224D206AC000C23DB /* TMDB.swift in Sources */ = {isa = PBXBuildFile; fileRef = E43A9F2124D206AC000C23DB /* TMDB.swift */; };
		E44B36B0250804A600FF12CA /* RadarrHandler.swift in Sources */ = {isa = PBXBuildFile; fileRef = E44B36AF250804A600FF12CA /* RadarrHandler.swift */; };
		E44B36B2250815A600FF12CA /* RadarrError.swift in Sources */ = {isa = PBXBuildFile; fileRef = E44B36B1250815A600FF12CA /* RadarrError.swift */; };
		E44B36B4250855A100FF12CA /* ExtensionError.swift in Sources */ = {isa = PBXBuildFile; fileRef = E44B36B3250855A100FF12CA /* ExtensionError.swift */; };
		E44B36B62508634B00FF12CA /* ResultHandler.swift in Sources */ = {isa = PBXBuildFile; fileRef = E44B36B52508634B00FF12CA /* ResultHandler.swift */; };
		E47564DD24EDEE8000B0D5B5 /* header.png in Resources */ = {isa = PBXBuildFile; fileRef = E47564DB24EDEE7F00B0D5B5 /* header.png */; };
		E47564DE24EDEE8000B0D5B5 /* README.md in Resources */ = {isa = PBXBuildFile; fileRef = E47564DC24EDEE7F00B0D5B5 /* README.md */; };
		E4827FAC250D9FE40092523C /* TextFieldExtension.swift in Sources */ = {isa = PBXBuildFile; fileRef = E4827FAB250D9FE40092523C /* TextFieldExtension.swift */; };
		E4AAC3F124E71A3B0057D135 /* Zephyr in Frameworks */ = {isa = PBXBuildFile; productRef = E4AAC3F024E71A3B0057D135 /* Zephyr */; };
		E4AAC3F424E773DB0057D135 /* Zephyr in Frameworks */ = {isa = PBXBuildFile; productRef = E4AAC3F324E773DB0057D135 /* Zephyr */; };
		E4AAC3F924EB41DC0057D135 /* KeychainAccess in Frameworks */ = {isa = PBXBuildFile; productRef = E4AAC3F824EB41DC0057D135 /* KeychainAccess */; };
		E4AAC3FB24EB41F20057D135 /* KeychainAccess in Frameworks */ = {isa = PBXBuildFile; productRef = E4AAC3FA24EB41F20057D135 /* KeychainAccess */; };
		E4B066A224F6D25A005684BB /* UrlError.swift in Sources */ = {isa = PBXBuildFile; fileRef = E4B066A124F6D25A005684BB /* UrlError.swift */; };
		E4B066A424F6FD66005684BB /* ResultError.swift in Sources */ = {isa = PBXBuildFile; fileRef = E4B066A324F6FD66005684BB /* ResultError.swift */; };
		E4B0671624F773A7005684BB /* ValidateURLHandlerTests.swift in Sources */ = {isa = PBXBuildFile; fileRef = E4B0671524F773A7005684BB /* ValidateURLHandlerTests.swift */; };
		E4B1DBC824E2068C008BC46C /* SettingsService.swift in Sources */ = {isa = PBXBuildFile; fileRef = E4B1DBC724E2068C008BC46C /* SettingsService.swift */; };
		E4B1DBCE24E2584E008BC46C /* RoundedButton.swift in Sources */ = {isa = PBXBuildFile; fileRef = E4B1DBCD24E2584E008BC46C /* RoundedButton.swift */; };
		E4C759F0250BDF09003616CE /* AwaitKit in Frameworks */ = {isa = PBXBuildFile; productRef = E4C759EF250BDF09003616CE /* AwaitKit */; };
		E4C759F3250BDFF3003616CE /* PromiseKit in Frameworks */ = {isa = PBXBuildFile; productRef = E4C759F2250BDFF3003616CE /* PromiseKit */; };
		E4C759F5250BE037003616CE /* PromiseKit in Frameworks */ = {isa = PBXBuildFile; productRef = E4C759F4250BE037003616CE /* PromiseKit */; };
		E4C759F7250BE045003616CE /* AwaitKit in Frameworks */ = {isa = PBXBuildFile; productRef = E4C759F6250BE045003616CE /* AwaitKit */; };
		E4E2026224F35A9F00713D2B /* AlertService.swift in Sources */ = {isa = PBXBuildFile; fileRef = E4E2026124F35A9F00713D2B /* AlertService.swift */; };
		E4EB7C10250077A000AA9081 /* SettingsView.swift in Sources */ = {isa = PBXBuildFile; fileRef = E4EB7C0F250077A000AA9081 /* SettingsView.swift */; };
		E4EB7C12250077E500AA9081 /* SettingsView.xib in Resources */ = {isa = PBXBuildFile; fileRef = E4EB7C11250077E500AA9081 /* SettingsView.xib */; };
		E4EB7C16250162AF00AA9081 /* ViewExtension.swift in Sources */ = {isa = PBXBuildFile; fileRef = E4EB7C15250162AF00AA9081 /* ViewExtension.swift */; };
		E4EB7C1D25017F3400AA9081 /* ExtensionHandler.swift in Sources */ = {isa = PBXBuildFile; fileRef = E4EB7C1C25017F3400AA9081 /* ExtensionHandler.swift */; };
		E4EB7C1F2502CAA500AA9081 /* ValidateURLHandler.swift in Sources */ = {isa = PBXBuildFile; fileRef = E4EB7C1E2502CAA400AA9081 /* ValidateURLHandler.swift */; };
		E4EB7C212502DD0500AA9081 /* TMDbHandler.swift in Sources */ = {isa = PBXBuildFile; fileRef = E4EB7C202502DD0500AA9081 /* TMDbHandler.swift */; };
		E4EB7C232502E87000AA9081 /* TMDbError.swift in Sources */ = {isa = PBXBuildFile; fileRef = E4EB7C222502E87000AA9081 /* TMDbError.swift */; };
		E4FC206B24F8577500ADE4C5 /* StringExtension.swift in Sources */ = {isa = PBXBuildFile; fileRef = E4FC206A24F8577500ADE4C5 /* StringExtension.swift */; };
/* End PBXBuildFile section */

/* Begin PBXContainerItemProxy section */
		E43A9F1824D0C7F7000C23DB /* PBXContainerItemProxy */ = {
			isa = PBXContainerItemProxy;
			containerPortal = E43A9EED24D0C771000C23DB /* Project object */;
			proxyType = 1;
			remoteGlobalIDString = E43A9F0F24D0C7F7000C23DB;
			remoteInfo = Share;
		};
		E4B0671024F77314005684BB /* PBXContainerItemProxy */ = {
			isa = PBXContainerItemProxy;
			containerPortal = E43A9EED24D0C771000C23DB /* Project object */;
			proxyType = 1;
			remoteGlobalIDString = E43A9EF424D0C771000C23DB;
			remoteInfo = RadarrExtension;
		};
/* End PBXContainerItemProxy section */

/* Begin PBXCopyFilesBuildPhase section */
		E43A9F1E24D0C7F7000C23DB /* Embed App Extensions */ = {
			isa = PBXCopyFilesBuildPhase;
			buildActionMask = 2147483647;
			dstPath = "";
			dstSubfolderSpec = 13;
			files = (
				E43A9F1A24D0C7F7000C23DB /* Share.appex in Embed App Extensions */,
			);
			name = "Embed App Extensions";
			runOnlyForDeploymentPostprocessing = 0;
		};
/* End PBXCopyFilesBuildPhase section */

/* Begin PBXFileReference section */
		E417E163251969C9006B7E96 /* SettingsError.swift */ = {isa = PBXFileReference; lastKnownFileType = sourcecode.swift; path = SettingsError.swift; sourceTree = "<group>"; };
		E417E16B2519708A006B7E96 /* SettingsValidator.swift */ = {isa = PBXFileReference; lastKnownFileType = sourcecode.swift; path = SettingsValidator.swift; sourceTree = "<group>"; };
		E43A9EF524D0C771000C23DB /* RadarrExt.app */ = {isa = PBXFileReference; explicitFileType = wrapper.application; includeInIndex = 0; path = RadarrExt.app; sourceTree = BUILT_PRODUCTS_DIR; };
		E43A9EF824D0C771000C23DB /* AppDelegate.swift */ = {isa = PBXFileReference; lastKnownFileType = sourcecode.swift; path = AppDelegate.swift; sourceTree = "<group>"; };
		E43A9EFA24D0C771000C23DB /* SceneDelegate.swift */ = {isa = PBXFileReference; lastKnownFileType = sourcecode.swift; path = SceneDelegate.swift; sourceTree = "<group>"; };
		E43A9EFC24D0C771000C23DB /* ViewController.swift */ = {isa = PBXFileReference; lastKnownFileType = sourcecode.swift; path = ViewController.swift; sourceTree = "<group>"; };
		E43A9EFF24D0C771000C23DB /* Base */ = {isa = PBXFileReference; lastKnownFileType = file.storyboard; name = Base; path = Base.lproj/Main.storyboard; sourceTree = "<group>"; };
		E43A9F0124D0C774000C23DB /* Assets.xcassets */ = {isa = PBXFileReference; lastKnownFileType = folder.assetcatalog; path = Assets.xcassets; sourceTree = "<group>"; };
		E43A9F0424D0C774000C23DB /* Base */ = {isa = PBXFileReference; lastKnownFileType = file.storyboard; name = Base; path = Base.lproj/LaunchScreen.storyboard; sourceTree = "<group>"; };
		E43A9F0624D0C774000C23DB /* Info.plist */ = {isa = PBXFileReference; lastKnownFileType = text.plist.xml; path = Info.plist; sourceTree = "<group>"; };
		E43A9F1024D0C7F7000C23DB /* Share.appex */ = {isa = PBXFileReference; explicitFileType = "wrapper.app-extension"; includeInIndex = 0; path = Share.appex; sourceTree = BUILT_PRODUCTS_DIR; };
		E43A9F1224D0C7F7000C23DB /* ShareViewController.swift */ = {isa = PBXFileReference; lastKnownFileType = sourcecode.swift; path = ShareViewController.swift; sourceTree = "<group>"; };
		E43A9F1524D0C7F7000C23DB /* Base */ = {isa = PBXFileReference; lastKnownFileType = file.storyboard; name = Base; path = Base.lproj/MainInterface.storyboard; sourceTree = "<group>"; };
		E43A9F1724D0C7F7000C23DB /* Info.plist */ = {isa = PBXFileReference; lastKnownFileType = text.plist.xml; path = Info.plist; sourceTree = "<group>"; };
		E43A9F1F24D1D332000C23DB /* Radarr.swift */ = {isa = PBXFileReference; lastKnownFileType = sourcecode.swift; path = Radarr.swift; sourceTree = "<group>"; };
		E43A9F2124D206AC000C23DB /* TMDB.swift */ = {isa = PBXFileReference; lastKnownFileType = sourcecode.swift; path = TMDB.swift; sourceTree = "<group>"; };
		E43A9F3D24D38FB3000C23DB /* ShareDebug.entitlements */ = {isa = PBXFileReference; lastKnownFileType = text.plist.entitlements; path = ShareDebug.entitlements; sourceTree = "<group>"; };
		E43A9F3E24D390CC000C23DB /* RadarrDebug.entitlements */ = {isa = PBXFileReference; lastKnownFileType = text.plist.entitlements; path = RadarrDebug.entitlements; sourceTree = "<group>"; };
		E44B36AF250804A600FF12CA /* RadarrHandler.swift */ = {isa = PBXFileReference; lastKnownFileType = sourcecode.swift; path = RadarrHandler.swift; sourceTree = "<group>"; };
		E44B36B1250815A600FF12CA /* RadarrError.swift */ = {isa = PBXFileReference; lastKnownFileType = sourcecode.swift; path = RadarrError.swift; sourceTree = "<group>"; };
		E44B36B3250855A100FF12CA /* ExtensionError.swift */ = {isa = PBXFileReference; lastKnownFileType = sourcecode.swift; path = ExtensionError.swift; sourceTree = "<group>"; };
		E44B36B52508634B00FF12CA /* ResultHandler.swift */ = {isa = PBXFileReference; lastKnownFileType = sourcecode.swift; path = ResultHandler.swift; sourceTree = "<group>"; };
		E47564DB24EDEE7F00B0D5B5 /* header.png */ = {isa = PBXFileReference; lastKnownFileType = image.png; path = header.png; sourceTree = "<group>"; };
		E47564DC24EDEE7F00B0D5B5 /* README.md */ = {isa = PBXFileReference; fileEncoding = 4; lastKnownFileType = net.daringfireball.markdown; path = README.md; sourceTree = "<group>"; };
		E4827FAB250D9FE40092523C /* TextFieldExtension.swift */ = {isa = PBXFileReference; lastKnownFileType = sourcecode.swift; path = TextFieldExtension.swift; sourceTree = "<group>"; };
		E4B066A124F6D25A005684BB /* UrlError.swift */ = {isa = PBXFileReference; lastKnownFileType = sourcecode.swift; path = UrlError.swift; sourceTree = "<group>"; };
		E4B066A324F6FD66005684BB /* ResultError.swift */ = {isa = PBXFileReference; lastKnownFileType = sourcecode.swift; path = ResultError.swift; sourceTree = "<group>"; };
		E4B0670B24F77313005684BB /* RadarrExtTests.xctest */ = {isa = PBXFileReference; explicitFileType = wrapper.cfbundle; includeInIndex = 0; path = RadarrExtTests.xctest; sourceTree = BUILT_PRODUCTS_DIR; };
		E4B0670F24F77314005684BB /* Info.plist */ = {isa = PBXFileReference; lastKnownFileType = text.plist.xml; path = Info.plist; sourceTree = "<group>"; };
		E4B0671524F773A7005684BB /* ValidateURLHandlerTests.swift */ = {isa = PBXFileReference; lastKnownFileType = sourcecode.swift; path = ValidateURLHandlerTests.swift; sourceTree = "<group>"; };
		E4B1DBC724E2068C008BC46C /* SettingsService.swift */ = {isa = PBXFileReference; lastKnownFileType = sourcecode.swift; path = SettingsService.swift; sourceTree = "<group>"; };
		E4B1DBC924E23D1B008BC46C /* Share.entitlements */ = {isa = PBXFileReference; lastKnownFileType = text.plist.entitlements; path = Share.entitlements; sourceTree = "<group>"; };
		E4B1DBCA24E23D1E008BC46C /* Radarr.entitlements */ = {isa = PBXFileReference; lastKnownFileType = text.plist.entitlements; path = Radarr.entitlements; sourceTree = "<group>"; };
		E4B1DBCD24E2584E008BC46C /* RoundedButton.swift */ = {isa = PBXFileReference; lastKnownFileType = sourcecode.swift; path = RoundedButton.swift; sourceTree = "<group>"; };
		E4E2026124F35A9F00713D2B /* AlertService.swift */ = {isa = PBXFileReference; lastKnownFileType = sourcecode.swift; path = AlertService.swift; sourceTree = "<group>"; };
		E4EB7C0F250077A000AA9081 /* SettingsView.swift */ = {isa = PBXFileReference; lastKnownFileType = sourcecode.swift; path = SettingsView.swift; sourceTree = "<group>"; };
		E4EB7C11250077E500AA9081 /* SettingsView.xib */ = {isa = PBXFileReference; lastKnownFileType = file.xib; path = SettingsView.xib; sourceTree = "<group>"; };
		E4EB7C15250162AF00AA9081 /* ViewExtension.swift */ = {isa = PBXFileReference; lastKnownFileType = sourcecode.swift; path = ViewExtension.swift; sourceTree = "<group>"; };
		E4EB7C1C25017F3400AA9081 /* ExtensionHandler.swift */ = {isa = PBXFileReference; lastKnownFileType = sourcecode.swift; path = ExtensionHandler.swift; sourceTree = "<group>"; };
		E4EB7C1E2502CAA400AA9081 /* ValidateURLHandler.swift */ = {isa = PBXFileReference; lastKnownFileType = sourcecode.swift; path = ValidateURLHandler.swift; sourceTree = "<group>"; };
		E4EB7C202502DD0500AA9081 /* TMDbHandler.swift */ = {isa = PBXFileReference; lastKnownFileType = sourcecode.swift; path = TMDbHandler.swift; sourceTree = "<group>"; };
		E4EB7C222502E87000AA9081 /* TMDbError.swift */ = {isa = PBXFileReference; lastKnownFileType = sourcecode.swift; path = TMDbError.swift; sourceTree = "<group>"; };
		E4FC206A24F8577500ADE4C5 /* StringExtension.swift */ = {isa = PBXFileReference; lastKnownFileType = sourcecode.swift; path = StringExtension.swift; sourceTree = "<group>"; };
/* End PBXFileReference section */

/* Begin PBXFrameworksBuildPhase section */
		E43A9EF224D0C771000C23DB /* Frameworks */ = {
			isa = PBXFrameworksBuildPhase;
			buildActionMask = 2147483647;
			files = (
				E4AAC3F924EB41DC0057D135 /* KeychainAccess in Frameworks */,
				E4C759F3250BDFF3003616CE /* PromiseKit in Frameworks */,
				E4AAC3F124E71A3B0057D135 /* Zephyr in Frameworks */,
				E4C759F0250BDF09003616CE /* AwaitKit in Frameworks */,
			);
			runOnlyForDeploymentPostprocessing = 0;
		};
		E43A9F0D24D0C7F7000C23DB /* Frameworks */ = {
			isa = PBXFrameworksBuildPhase;
			buildActionMask = 2147483647;
			files = (
				E4AAC3FB24EB41F20057D135 /* KeychainAccess in Frameworks */,
				E4C759F5250BE037003616CE /* PromiseKit in Frameworks */,
				E4C759F7250BE045003616CE /* AwaitKit in Frameworks */,
				E4AAC3F424E773DB0057D135 /* Zephyr in Frameworks */,
			);
			runOnlyForDeploymentPostprocessing = 0;
		};
		E4B0670824F77313005684BB /* Frameworks */ = {
			isa = PBXFrameworksBuildPhase;
			buildActionMask = 2147483647;
			files = (
			);
			runOnlyForDeploymentPostprocessing = 0;
		};
/* End PBXFrameworksBuildPhase section */

/* Begin PBXGroup section */
		E43A9EEC24D0C771000C23DB = {
			isa = PBXGroup;
			children = (
				E47564DB24EDEE7F00B0D5B5 /* header.png */,
				E47564DC24EDEE7F00B0D5B5 /* README.md */,
				E43A9EF724D0C771000C23DB /* RadarrExtension */,
				E43A9F1124D0C7F7000C23DB /* Share */,
				E4B0670C24F77313005684BB /* RadarrExtTests */,
				E43A9EF624D0C771000C23DB /* Products */,
				E4AAC3F224E773DB0057D135 /* Frameworks */,
			);
			sourceTree = "<group>";
		};
		E43A9EF624D0C771000C23DB /* Products */ = {
			isa = PBXGroup;
			children = (
				E43A9EF524D0C771000C23DB /* RadarrExt.app */,
				E43A9F1024D0C7F7000C23DB /* Share.appex */,
				E4B0670B24F77313005684BB /* RadarrExtTests.xctest */,
			);
			name = Products;
			sourceTree = "<group>";
		};
		E43A9EF724D0C771000C23DB /* RadarrExtension */ = {
			isa = PBXGroup;
			children = (
				E4B1DBCA24E23D1E008BC46C /* Radarr.entitlements */,
				E43A9F3E24D390CC000C23DB /* RadarrDebug.entitlements */,
				E43A9EF824D0C771000C23DB /* AppDelegate.swift */,
				E43A9EFA24D0C771000C23DB /* SceneDelegate.swift */,
				E4AAC3F524EA02E70057D135 /* View */,
				E4AAC3F624EA02F70057D135 /* Controller */,
				E43A9F0124D0C774000C23DB /* Assets.xcassets */,
				E43A9F0624D0C774000C23DB /* Info.plist */,
			);
			path = RadarrExtension;
			sourceTree = "<group>";
		};
		E43A9F1124D0C7F7000C23DB /* Share */ = {
			isa = PBXGroup;
			children = (
				E4B1DBC924E23D1B008BC46C /* Share.entitlements */,
				E43A9F3D24D38FB3000C23DB /* ShareDebug.entitlements */,
				E4E2025B24F1E8D600713D2B /* Services */,
				E4EB7C1725017C7F00AA9081 /* Handler */,
				E4827FAA250C75CB0092523C /* Error */,
				E4FC206924F8572F00ADE4C5 /* Extensions */,
				E43A9F2324D24456000C23DB /* Model */,
				E43A9F2424D24477000C23DB /* View */,
				E43A9F2524D24486000C23DB /* Controller */,
				E43A9F1724D0C7F7000C23DB /* Info.plist */,
			);
			path = Share;
			sourceTree = "<group>";
		};
		E43A9F2324D24456000C23DB /* Model */ = {
			isa = PBXGroup;
			children = (
				E43A9F1F24D1D332000C23DB /* Radarr.swift */,
				E43A9F2124D206AC000C23DB /* TMDB.swift */,
				E417E16B2519708A006B7E96 /* SettingsValidator.swift */,
			);
			path = Model;
			sourceTree = "<group>";
		};
		E43A9F2424D24477000C23DB /* View */ = {
			isa = PBXGroup;
			children = (
				E43A9F1424D0C7F7000C23DB /* MainInterface.storyboard */,
				E4B1DBCD24E2584E008BC46C /* RoundedButton.swift */,
				E4EB7C0F250077A000AA9081 /* SettingsView.swift */,
				E4EB7C11250077E500AA9081 /* SettingsView.xib */,
			);
			path = View;
			sourceTree = "<group>";
		};
		E43A9F2524D24486000C23DB /* Controller */ = {
			isa = PBXGroup;
			children = (
				E43A9F1224D0C7F7000C23DB /* ShareViewController.swift */,
			);
			path = Controller;
			sourceTree = "<group>";
		};
		E4827FAA250C75CB0092523C /* Error */ = {
			isa = PBXGroup;
			children = (
				E44B36B3250855A100FF12CA /* ExtensionError.swift */,
				E4B066A124F6D25A005684BB /* UrlError.swift */,
				E4EB7C222502E87000AA9081 /* TMDbError.swift */,
				E44B36B1250815A600FF12CA /* RadarrError.swift */,
				E4B066A324F6FD66005684BB /* ResultError.swift */,
				E417E163251969C9006B7E96 /* SettingsError.swift */,
			);
			path = Error;
			sourceTree = "<group>";
		};
		E4AAC3F224E773DB0057D135 /* Frameworks */ = {
			isa = PBXGroup;
			children = (
			);
			name = Frameworks;
			sourceTree = "<group>";
		};
		E4AAC3F524EA02E70057D135 /* View */ = {
			isa = PBXGroup;
			children = (
				E43A9EFE24D0C771000C23DB /* Main.storyboard */,
				E43A9F0324D0C774000C23DB /* LaunchScreen.storyboard */,
			);
			path = View;
			sourceTree = "<group>";
		};
		E4AAC3F624EA02F70057D135 /* Controller */ = {
			isa = PBXGroup;
			children = (
				E43A9EFC24D0C771000C23DB /* ViewController.swift */,
			);
			path = Controller;
			sourceTree = "<group>";
		};
		E4B0670C24F77313005684BB /* RadarrExtTests */ = {
			isa = PBXGroup;
			children = (
				E4B0670F24F77314005684BB /* Info.plist */,
				E4B0671524F773A7005684BB /* ValidateURLHandlerTests.swift */,
			);
			path = RadarrExtTests;
			sourceTree = "<group>";
		};
		E4E2025B24F1E8D600713D2B /* Services */ = {
			isa = PBXGroup;
			children = (
				E4E2026124F35A9F00713D2B /* AlertService.swift */,
				E4B1DBC724E2068C008BC46C /* SettingsService.swift */,
			);
			path = Services;
			sourceTree = "<group>";
		};
		E4EB7C1725017C7F00AA9081 /* Handler */ = {
			isa = PBXGroup;
			children = (
				E4EB7C1C25017F3400AA9081 /* ExtensionHandler.swift */,
				E4EB7C1E2502CAA400AA9081 /* ValidateURLHandler.swift */,
				E4EB7C202502DD0500AA9081 /* TMDbHandler.swift */,
				E44B36AF250804A600FF12CA /* RadarrHandler.swift */,
				E44B36B52508634B00FF12CA /* ResultHandler.swift */,
			);
			path = Handler;
			sourceTree = "<group>";
		};
		E4FC206924F8572F00ADE4C5 /* Extensions */ = {
			isa = PBXGroup;
			children = (
				E4FC206A24F8577500ADE4C5 /* StringExtension.swift */,
				E4EB7C15250162AF00AA9081 /* ViewExtension.swift */,
				E4827FAB250D9FE40092523C /* TextFieldExtension.swift */,
			);
			path = Extensions;
			sourceTree = "<group>";
		};
/* End PBXGroup section */

/* Begin PBXNativeTarget section */
		E43A9EF424D0C771000C23DB /* RadarrExtension */ = {
			isa = PBXNativeTarget;
			buildConfigurationList = E43A9F0924D0C774000C23DB /* Build configuration list for PBXNativeTarget "RadarrExtension" */;
			buildPhases = (
				E43A9EF124D0C771000C23DB /* Sources */,
				E43A9EF224D0C771000C23DB /* Frameworks */,
				E43A9EF324D0C771000C23DB /* Resources */,
				E43A9F1E24D0C7F7000C23DB /* Embed App Extensions */,
			);
			buildRules = (
			);
			dependencies = (
				E43A9F1924D0C7F7000C23DB /* PBXTargetDependency */,
			);
			name = RadarrExtension;
			packageProductDependencies = (
				E4AAC3F024E71A3B0057D135 /* Zephyr */,
				E4AAC3F824EB41DC0057D135 /* KeychainAccess */,
				E4C759EF250BDF09003616CE /* AwaitKit */,
				E4C759F2250BDFF3003616CE /* PromiseKit */,
			);
			productName = RadarrExtension;
			productReference = E43A9EF524D0C771000C23DB /* RadarrExt.app */;
			productType = "com.apple.product-type.application";
		};
		E43A9F0F24D0C7F7000C23DB /* Share */ = {
			isa = PBXNativeTarget;
			buildConfigurationList = E43A9F1B24D0C7F7000C23DB /* Build configuration list for PBXNativeTarget "Share" */;
			buildPhases = (
				E43A9F0C24D0C7F7000C23DB /* Sources */,
				E43A9F0D24D0C7F7000C23DB /* Frameworks */,
				E43A9F0E24D0C7F7000C23DB /* Resources */,
			);
			buildRules = (
			);
			dependencies = (
			);
			name = Share;
			packageProductDependencies = (
				E4AAC3F324E773DB0057D135 /* Zephyr */,
				E4AAC3FA24EB41F20057D135 /* KeychainAccess */,
				E4C759F4250BE037003616CE /* PromiseKit */,
				E4C759F6250BE045003616CE /* AwaitKit */,
			);
			productName = Share;
			productReference = E43A9F1024D0C7F7000C23DB /* Share.appex */;
			productType = "com.apple.product-type.app-extension";
		};
		E4B0670A24F77313005684BB /* RadarrExtTests */ = {
			isa = PBXNativeTarget;
			buildConfigurationList = E4B0671424F77314005684BB /* Build configuration list for PBXNativeTarget "RadarrExtTests" */;
			buildPhases = (
				E4B0670724F77313005684BB /* Sources */,
				E4B0670824F77313005684BB /* Frameworks */,
				E4B0670924F77313005684BB /* Resources */,
			);
			buildRules = (
			);
			dependencies = (
				E4B0671124F77314005684BB /* PBXTargetDependency */,
			);
			name = RadarrExtTests;
			productName = RadarrExtTests;
			productReference = E4B0670B24F77313005684BB /* RadarrExtTests.xctest */;
			productType = "com.apple.product-type.bundle.unit-test";
		};
/* End PBXNativeTarget section */

/* Begin PBXProject section */
		E43A9EED24D0C771000C23DB /* Project object */ = {
			isa = PBXProject;
			attributes = {
				LastSwiftUpdateCheck = 1160;
				LastUpgradeCheck = 1200;
				ORGANIZATIONNAME = "Ivan Ou";
				TargetAttributes = {
					E43A9EF424D0C771000C23DB = {
						CreatedOnToolsVersion = 11.6;
					};
					E43A9F0F24D0C7F7000C23DB = {
						CreatedOnToolsVersion = 11.6;
					};
					E4B0670A24F77313005684BB = {
						CreatedOnToolsVersion = 11.6;
						TestTargetID = E43A9EF424D0C771000C23DB;
					};
				};
			};
			buildConfigurationList = E43A9EF024D0C771000C23DB /* Build configuration list for PBXProject "RadarrExtension" */;
			compatibilityVersion = "Xcode 9.3";
			developmentRegion = en;
			hasScannedForEncodings = 0;
			knownRegions = (
				en,
				Base,
			);
			mainGroup = E43A9EEC24D0C771000C23DB;
			packageReferences = (
				E4AAC3EF24E71A3B0057D135 /* XCRemoteSwiftPackageReference "Zephyr" */,
				E4AAC3F724EB41DC0057D135 /* XCRemoteSwiftPackageReference "KeychainAccess" */,
				E4C759EE250BDF09003616CE /* XCRemoteSwiftPackageReference "AwaitKit" */,
				E4C759F1250BDFF3003616CE /* XCRemoteSwiftPackageReference "PromiseKit" */,
			);
			productRefGroup = E43A9EF624D0C771000C23DB /* Products */;
			projectDirPath = "";
			projectRoot = "";
			targets = (
				E43A9EF424D0C771000C23DB /* RadarrExtension */,
				E43A9F0F24D0C7F7000C23DB /* Share */,
				E4B0670A24F77313005684BB /* RadarrExtTests */,
			);
		};
/* End PBXProject section */

/* Begin PBXResourcesBuildPhase section */
		E43A9EF324D0C771000C23DB /* Resources */ = {
			isa = PBXResourcesBuildPhase;
			buildActionMask = 2147483647;
			files = (
				E43A9F0524D0C774000C23DB /* LaunchScreen.storyboard in Resources */,
				E43A9F0224D0C774000C23DB /* Assets.xcassets in Resources */,
				E47564DE24EDEE8000B0D5B5 /* README.md in Resources */,
				E47564DD24EDEE8000B0D5B5 /* header.png in Resources */,
				E43A9F0024D0C771000C23DB /* Main.storyboard in Resources */,
			);
			runOnlyForDeploymentPostprocessing = 0;
		};
		E43A9F0E24D0C7F7000C23DB /* Resources */ = {
			isa = PBXResourcesBuildPhase;
			buildActionMask = 2147483647;
			files = (
				E43A9F1624D0C7F7000C23DB /* MainInterface.storyboard in Resources */,
				E4EB7C12250077E500AA9081 /* SettingsView.xib in Resources */,
			);
			runOnlyForDeploymentPostprocessing = 0;
		};
		E4B0670924F77313005684BB /* Resources */ = {
			isa = PBXResourcesBuildPhase;
			buildActionMask = 2147483647;
			files = (
			);
			runOnlyForDeploymentPostprocessing = 0;
		};
/* End PBXResourcesBuildPhase section */

/* Begin PBXSourcesBuildPhase section */
		E43A9EF124D0C771000C23DB /* Sources */ = {
			isa = PBXSourcesBuildPhase;
			buildActionMask = 2147483647;
			files = (
				E43A9EFD24D0C771000C23DB /* ViewController.swift in Sources */,
				E43A9EF924D0C771000C23DB /* AppDelegate.swift in Sources */,
				E43A9EFB24D0C771000C23DB /* SceneDelegate.swift in Sources */,
			);
			runOnlyForDeploymentPostprocessing = 0;
		};
		E43A9F0C24D0C7F7000C23DB /* Sources */ = {
			isa = PBXSourcesBuildPhase;
			buildActionMask = 2147483647;
			files = (
				E4B066A424F6FD66005684BB /* ResultError.swift in Sources */,
				E43A9F1324D0C7F7000C23DB /* ShareViewController.swift in Sources */,
				E4EB7C1F2502CAA500AA9081 /* ValidateURLHandler.swift in Sources */,
				E417E16C2519708A006B7E96 /* SettingsValidator.swift in Sources */,
				E4B1DBCE24E2584E008BC46C /* RoundedButton.swift in Sources */,
				E43A9F2224D206AC000C23DB /* TMDB.swift in Sources */,
				E4EB7C10250077A000AA9081 /* SettingsView.swift in Sources */,
				E44B36B4250855A100FF12CA /* ExtensionError.swift in Sources */,
				E4EB7C212502DD0500AA9081 /* TMDbHandler.swift in Sources */,
				E4B066A224F6D25A005684BB /* UrlError.swift in Sources */,
				E4FC206B24F8577500ADE4C5 /* StringExtension.swift in Sources */,
				E4EB7C16250162AF00AA9081 /* ViewExtension.swift in Sources */,
				E4EB7C1D25017F3400AA9081 /* ExtensionHandler.swift in Sources */,
				E44B36B2250815A600FF12CA /* RadarrError.swift in Sources */,
				E4827FAC250D9FE40092523C /* TextFieldExtension.swift in Sources */,
				E4B1DBC824E2068C008BC46C /* SettingsService.swift in Sources */,
				E44B36B62508634B00FF12CA /* ResultHandler.swift in Sources */,
				E4E2026224F35A9F00713D2B /* AlertService.swift in Sources */,
				E417E164251969C9006B7E96 /* SettingsError.swift in Sources */,
				E44B36B0250804A600FF12CA /* RadarrHandler.swift in Sources */,
				E43A9F2024D1D332000C23DB /* Radarr.swift in Sources */,
				E4EB7C232502E87000AA9081 /* TMDbError.swift in Sources */,
			);
			runOnlyForDeploymentPostprocessing = 0;
		};
		E4B0670724F77313005684BB /* Sources */ = {
			isa = PBXSourcesBuildPhase;
			buildActionMask = 2147483647;
			files = (
				E4B0671624F773A7005684BB /* ValidateURLHandlerTests.swift in Sources */,
			);
			runOnlyForDeploymentPostprocessing = 0;
		};
/* End PBXSourcesBuildPhase section */

/* Begin PBXTargetDependency section */
		E43A9F1924D0C7F7000C23DB /* PBXTargetDependency */ = {
			isa = PBXTargetDependency;
			target = E43A9F0F24D0C7F7000C23DB /* Share */;
			targetProxy = E43A9F1824D0C7F7000C23DB /* PBXContainerItemProxy */;
		};
		E4B0671124F77314005684BB /* PBXTargetDependency */ = {
			isa = PBXTargetDependency;
			target = E43A9EF424D0C771000C23DB /* RadarrExtension */;
			targetProxy = E4B0671024F77314005684BB /* PBXContainerItemProxy */;
		};
/* End PBXTargetDependency section */

/* Begin PBXVariantGroup section */
		E43A9EFE24D0C771000C23DB /* Main.storyboard */ = {
			isa = PBXVariantGroup;
			children = (
				E43A9EFF24D0C771000C23DB /* Base */,
			);
			name = Main.storyboard;
			sourceTree = "<group>";
		};
		E43A9F0324D0C774000C23DB /* LaunchScreen.storyboard */ = {
			isa = PBXVariantGroup;
			children = (
				E43A9F0424D0C774000C23DB /* Base */,
			);
			name = LaunchScreen.storyboard;
			sourceTree = "<group>";
		};
		E43A9F1424D0C7F7000C23DB /* MainInterface.storyboard */ = {
			isa = PBXVariantGroup;
			children = (
				E43A9F1524D0C7F7000C23DB /* Base */,
			);
			name = MainInterface.storyboard;
			sourceTree = "<group>";
		};
/* End PBXVariantGroup section */

/* Begin XCBuildConfiguration section */
		E43A9F0724D0C774000C23DB /* Debug */ = {
			isa = XCBuildConfiguration;
			buildSettings = {
				ALWAYS_SEARCH_USER_PATHS = NO;
				CLANG_ANALYZER_NONNULL = YES;
				CLANG_ANALYZER_NUMBER_OBJECT_CONVERSION = YES_AGGRESSIVE;
				CLANG_CXX_LANGUAGE_STANDARD = "gnu++14";
				CLANG_CXX_LIBRARY = "libc++";
				CLANG_ENABLE_MODULES = YES;
				CLANG_ENABLE_OBJC_ARC = YES;
				CLANG_ENABLE_OBJC_WEAK = YES;
				CLANG_WARN_BLOCK_CAPTURE_AUTORELEASING = YES;
				CLANG_WARN_BOOL_CONVERSION = YES;
				CLANG_WARN_COMMA = YES;
				CLANG_WARN_CONSTANT_CONVERSION = YES;
				CLANG_WARN_DEPRECATED_OBJC_IMPLEMENTATIONS = YES;
				CLANG_WARN_DIRECT_OBJC_ISA_USAGE = YES_ERROR;
				CLANG_WARN_DOCUMENTATION_COMMENTS = YES;
				CLANG_WARN_EMPTY_BODY = YES;
				CLANG_WARN_ENUM_CONVERSION = YES;
				CLANG_WARN_INFINITE_RECURSION = YES;
				CLANG_WARN_INT_CONVERSION = YES;
				CLANG_WARN_NON_LITERAL_NULL_CONVERSION = YES;
				CLANG_WARN_OBJC_IMPLICIT_RETAIN_SELF = YES;
				CLANG_WARN_OBJC_LITERAL_CONVERSION = YES;
				CLANG_WARN_OBJC_ROOT_CLASS = YES_ERROR;
				CLANG_WARN_QUOTED_INCLUDE_IN_FRAMEWORK_HEADER = YES;
				CLANG_WARN_RANGE_LOOP_ANALYSIS = YES;
				CLANG_WARN_STRICT_PROTOTYPES = YES;
				CLANG_WARN_SUSPICIOUS_MOVE = YES;
				CLANG_WARN_UNGUARDED_AVAILABILITY = YES_AGGRESSIVE;
				CLANG_WARN_UNREACHABLE_CODE = YES;
				CLANG_WARN__DUPLICATE_METHOD_MATCH = YES;
				COPY_PHASE_STRIP = NO;
				DEBUG_INFORMATION_FORMAT = dwarf;
				ENABLE_STRICT_OBJC_MSGSEND = YES;
				ENABLE_TESTABILITY = YES;
				GCC_C_LANGUAGE_STANDARD = gnu11;
				GCC_DYNAMIC_NO_PIC = NO;
				GCC_NO_COMMON_BLOCKS = YES;
				GCC_OPTIMIZATION_LEVEL = 0;
				GCC_PREPROCESSOR_DEFINITIONS = (
					"DEBUG=1",
					"$(inherited)",
				);
				GCC_WARN_64_TO_32_BIT_CONVERSION = YES;
				GCC_WARN_ABOUT_RETURN_TYPE = YES_ERROR;
				GCC_WARN_UNDECLARED_SELECTOR = YES;
				GCC_WARN_UNINITIALIZED_AUTOS = YES_AGGRESSIVE;
				GCC_WARN_UNUSED_FUNCTION = YES;
				GCC_WARN_UNUSED_VARIABLE = YES;
				IPHONEOS_DEPLOYMENT_TARGET = 13.0;
				MTL_ENABLE_DEBUG_INFO = INCLUDE_SOURCE;
				MTL_FAST_MATH = YES;
				ONLY_ACTIVE_ARCH = YES;
				SDKROOT = iphoneos;
				SWIFT_ACTIVE_COMPILATION_CONDITIONS = DEBUG;
				SWIFT_OPTIMIZATION_LEVEL = "-Onone";
			};
			name = Debug;
		};
		E43A9F0824D0C774000C23DB /* Release */ = {
			isa = XCBuildConfiguration;
			buildSettings = {
				ALWAYS_SEARCH_USER_PATHS = NO;
				CLANG_ANALYZER_NONNULL = YES;
				CLANG_ANALYZER_NUMBER_OBJECT_CONVERSION = YES_AGGRESSIVE;
				CLANG_CXX_LANGUAGE_STANDARD = "gnu++14";
				CLANG_CXX_LIBRARY = "libc++";
				CLANG_ENABLE_MODULES = YES;
				CLANG_ENABLE_OBJC_ARC = YES;
				CLANG_ENABLE_OBJC_WEAK = YES;
				CLANG_WARN_BLOCK_CAPTURE_AUTORELEASING = YES;
				CLANG_WARN_BOOL_CONVERSION = YES;
				CLANG_WARN_COMMA = YES;
				CLANG_WARN_CONSTANT_CONVERSION = YES;
				CLANG_WARN_DEPRECATED_OBJC_IMPLEMENTATIONS = YES;
				CLANG_WARN_DIRECT_OBJC_ISA_USAGE = YES_ERROR;
				CLANG_WARN_DOCUMENTATION_COMMENTS = YES;
				CLANG_WARN_EMPTY_BODY = YES;
				CLANG_WARN_ENUM_CONVERSION = YES;
				CLANG_WARN_INFINITE_RECURSION = YES;
				CLANG_WARN_INT_CONVERSION = YES;
				CLANG_WARN_NON_LITERAL_NULL_CONVERSION = YES;
				CLANG_WARN_OBJC_IMPLICIT_RETAIN_SELF = YES;
				CLANG_WARN_OBJC_LITERAL_CONVERSION = YES;
				CLANG_WARN_OBJC_ROOT_CLASS = YES_ERROR;
				CLANG_WARN_QUOTED_INCLUDE_IN_FRAMEWORK_HEADER = YES;
				CLANG_WARN_RANGE_LOOP_ANALYSIS = YES;
				CLANG_WARN_STRICT_PROTOTYPES = YES;
				CLANG_WARN_SUSPICIOUS_MOVE = YES;
				CLANG_WARN_UNGUARDED_AVAILABILITY = YES_AGGRESSIVE;
				CLANG_WARN_UNREACHABLE_CODE = YES;
				CLANG_WARN__DUPLICATE_METHOD_MATCH = YES;
				COPY_PHASE_STRIP = NO;
				DEBUG_INFORMATION_FORMAT = "dwarf-with-dsym";
				ENABLE_NS_ASSERTIONS = NO;
				ENABLE_STRICT_OBJC_MSGSEND = YES;
				GCC_C_LANGUAGE_STANDARD = gnu11;
				GCC_NO_COMMON_BLOCKS = YES;
				GCC_WARN_64_TO_32_BIT_CONVERSION = YES;
				GCC_WARN_ABOUT_RETURN_TYPE = YES_ERROR;
				GCC_WARN_UNDECLARED_SELECTOR = YES;
				GCC_WARN_UNINITIALIZED_AUTOS = YES_AGGRESSIVE;
				GCC_WARN_UNUSED_FUNCTION = YES;
				GCC_WARN_UNUSED_VARIABLE = YES;
				IPHONEOS_DEPLOYMENT_TARGET = 13.0;
				MTL_ENABLE_DEBUG_INFO = NO;
				MTL_FAST_MATH = YES;
				SDKROOT = iphoneos;
				SWIFT_COMPILATION_MODE = wholemodule;
				SWIFT_OPTIMIZATION_LEVEL = "-O";
				VALIDATE_PRODUCT = YES;
			};
			name = Release;
		};
		E43A9F0A24D0C774000C23DB /* Debug */ = {
			isa = XCBuildConfiguration;
			buildSettings = {
				ALWAYS_EMBED_SWIFT_STANDARD_LIBRARIES = YES;
				ASSETCATALOG_COMPILER_APPICON_NAME = AppIcon;
				CODE_SIGN_ENTITLEMENTS = RadarrExtension/RadarrDebug.entitlements;
				CODE_SIGN_STYLE = Automatic;
				CURRENT_PROJECT_VERSION = 5;
				DEVELOPMENT_TEAM = S92K442HVS;
				INFOPLIST_FILE = RadarrExtension/Info.plist;
				IPHONEOS_DEPLOYMENT_TARGET = 13.0;
				LD_RUNPATH_SEARCH_PATHS = (
					"$(inherited)",
					"@executable_path/Frameworks",
				);
				MARKETING_VERSION = 1.0;
				PRODUCT_BUNDLE_IDENTIFIER = com.ivanou.RadarrExtension;
				PRODUCT_NAME = RadarrExt;
				SWIFT_VERSION = 5.0;
				TARGETED_DEVICE_FAMILY = 1;
			};
			name = Debug;
		};
		E43A9F0B24D0C774000C23DB /* Release */ = {
			isa = XCBuildConfiguration;
			buildSettings = {
				ALWAYS_EMBED_SWIFT_STANDARD_LIBRARIES = YES;
				ASSETCATALOG_COMPILER_APPICON_NAME = AppIcon;
				CODE_SIGN_ENTITLEMENTS = RadarrExtension/Radarr.entitlements;
				CODE_SIGN_STYLE = Automatic;
				CURRENT_PROJECT_VERSION = 5;
				DEVELOPMENT_TEAM = S92K442HVS;
				INFOPLIST_FILE = RadarrExtension/Info.plist;
				IPHONEOS_DEPLOYMENT_TARGET = 13.0;
				LD_RUNPATH_SEARCH_PATHS = (
					"$(inherited)",
					"@executable_path/Frameworks",
				);
				MARKETING_VERSION = 1.0;
				PRODUCT_BUNDLE_IDENTIFIER = com.ivanou.RadarrExtension;
				PRODUCT_NAME = RadarrExt;
				SWIFT_VERSION = 5.0;
				TARGETED_DEVICE_FAMILY = 1;
			};
			name = Release;
		};
		E43A9F1C24D0C7F7000C23DB /* Debug */ = {
			isa = XCBuildConfiguration;
			buildSettings = {
				CODE_SIGN_ENTITLEMENTS = Share/ShareDebug.entitlements;
				CODE_SIGN_STYLE = Automatic;
				CURRENT_PROJECT_VERSION = 5;
				DEVELOPMENT_TEAM = S92K442HVS;
				INFOPLIST_FILE = Share/Info.plist;
				IPHONEOS_DEPLOYMENT_TARGET = 13.0;
				LD_RUNPATH_SEARCH_PATHS = (
					"$(inherited)",
					"@executable_path/Frameworks",
					"@executable_path/../../Frameworks",
				);
				MARKETING_VERSION = 1.0;
				PRODUCT_BUNDLE_IDENTIFIER = com.ivanou.RadarrExtension.Share;
				PRODUCT_NAME = "$(TARGET_NAME)";
				SKIP_INSTALL = YES;
				SWIFT_VERSION = 5.0;
				TARGETED_DEVICE_FAMILY = 1;
			};
			name = Debug;
		};
		E43A9F1D24D0C7F7000C23DB /* Release */ = {
			isa = XCBuildConfiguration;
			buildSettings = {
				CODE_SIGN_ENTITLEMENTS = Share/Share.entitlements;
				CODE_SIGN_STYLE = Automatic;
				CURRENT_PROJECT_VERSION = 5;
				DEVELOPMENT_TEAM = S92K442HVS;
				INFOPLIST_FILE = Share/Info.plist;
				IPHONEOS_DEPLOYMENT_TARGET = 13.0;
				LD_RUNPATH_SEARCH_PATHS = (
					"$(inherited)",
					"@executable_path/Frameworks",
					"@executable_path/../../Frameworks",
				);
				MARKETING_VERSION = 1.0;
				PRODUCT_BUNDLE_IDENTIFIER = com.ivanou.RadarrExtension.Share;
				PRODUCT_NAME = "$(TARGET_NAME)";
				SKIP_INSTALL = YES;
				SWIFT_VERSION = 5.0;
				TARGETED_DEVICE_FAMILY = 1;
			};
			name = Release;
		};
		E4B0671224F77314005684BB /* Debug */ = {
			isa = XCBuildConfiguration;
			buildSettings = {
				BUNDLE_LOADER = "$(TEST_HOST)";
				CODE_SIGN_STYLE = Automatic;
				DEVELOPMENT_TEAM = S92K442HVS;
				INFOPLIST_FILE = RadarrExtTests/Info.plist;
				LD_RUNPATH_SEARCH_PATHS = (
					"$(inherited)",
					"@executable_path/Frameworks",
					"@loader_path/Frameworks",
				);
				PRODUCT_BUNDLE_IDENTIFIER = com.ivanou.RadarrExtTests;
				PRODUCT_NAME = "$(TARGET_NAME)";
				SWIFT_VERSION = 5.0;
				TARGETED_DEVICE_FAMILY = "1,2";
				TEST_HOST = "$(BUILT_PRODUCTS_DIR)/RadarrExt.app/RadarrExt";
			};
			name = Debug;
		};
		E4B0671324F77314005684BB /* Release */ = {
			isa = XCBuildConfiguration;
			buildSettings = {
				BUNDLE_LOADER = "$(TEST_HOST)";
				CODE_SIGN_STYLE = Automatic;
				DEVELOPMENT_TEAM = S92K442HVS;
				INFOPLIST_FILE = RadarrExtTests/Info.plist;
				LD_RUNPATH_SEARCH_PATHS = (
					"$(inherited)",
					"@executable_path/Frameworks",
					"@loader_path/Frameworks",
				);
				PRODUCT_BUNDLE_IDENTIFIER = com.ivanou.RadarrExtTests;
				PRODUCT_NAME = "$(TARGET_NAME)";
				SWIFT_VERSION = 5.0;
				TARGETED_DEVICE_FAMILY = "1,2";
				TEST_HOST = "$(BUILT_PRODUCTS_DIR)/RadarrExt.app/RadarrExt";
			};
			name = Release;
		};
/* End XCBuildConfiguration section */

/* Begin XCConfigurationList section */
		E43A9EF024D0C771000C23DB /* Build configuration list for PBXProject "RadarrExtension" */ = {
			isa = XCConfigurationList;
			buildConfigurations = (
				E43A9F0724D0C774000C23DB /* Debug */,
				E43A9F0824D0C774000C23DB /* Release */,
			);
			defaultConfigurationIsVisible = 0;
			defaultConfigurationName = Release;
		};
		E43A9F0924D0C774000C23DB /* Build configuration list for PBXNativeTarget "RadarrExtension" */ = {
			isa = XCConfigurationList;
			buildConfigurations = (
				E43A9F0A24D0C774000C23DB /* Debug */,
				E43A9F0B24D0C774000C23DB /* Release */,
			);
			defaultConfigurationIsVisible = 0;
			defaultConfigurationName = Release;
		};
		E43A9F1B24D0C7F7000C23DB /* Build configuration list for PBXNativeTarget "Share" */ = {
			isa = XCConfigurationList;
			buildConfigurations = (
				E43A9F1C24D0C7F7000C23DB /* Debug */,
				E43A9F1D24D0C7F7000C23DB /* Release */,
			);
			defaultConfigurationIsVisible = 0;
			defaultConfigurationName = Release;
		};
		E4B0671424F77314005684BB /* Build configuration list for PBXNativeTarget "RadarrExtTests" */ = {
			isa = XCConfigurationList;
			buildConfigurations = (
				E4B0671224F77314005684BB /* Debug */,
				E4B0671324F77314005684BB /* Release */,
			);
			defaultConfigurationIsVisible = 0;
			defaultConfigurationName = Release;
		};
/* End XCConfigurationList section */

/* Begin XCRemoteSwiftPackageReference section */
		E4AAC3EF24E71A3B0057D135 /* XCRemoteSwiftPackageReference "Zephyr" */ = {
			isa = XCRemoteSwiftPackageReference;
			repositoryURL = "https://github.com/ArtSabintsev/Zephyr.git";
			requirement = {
				kind = upToNextMajorVersion;
				minimumVersion = 3.6.0;
			};
		};
		E4AAC3F724EB41DC0057D135 /* XCRemoteSwiftPackageReference "KeychainAccess" */ = {
			isa = XCRemoteSwiftPackageReference;
			repositoryURL = "https://github.com/kishikawakatsumi/KeychainAccess.git";
			requirement = {
				kind = upToNextMajorVersion;
				minimumVersion = 4.2.0;
			};
		};
		E4C759EE250BDF09003616CE /* XCRemoteSwiftPackageReference "AwaitKit" */ = {
			isa = XCRemoteSwiftPackageReference;
			repositoryURL = "https://github.com/yannickl/AwaitKit.git";
			requirement = {
				kind = upToNextMajorVersion;
				minimumVersion = 5.2.0;
			};
		};
		E4C759F1250BDFF3003616CE /* XCRemoteSwiftPackageReference "PromiseKit" */ = {
			isa = XCRemoteSwiftPackageReference;
			repositoryURL = "https://github.com/mxcl/PromiseKit.git";
			requirement = {
				kind = upToNextMajorVersion;
				minimumVersion = 6.13.3;
			};
		};
/* End XCRemoteSwiftPackageReference section */

/* Begin XCSwiftPackageProductDependency section */
		E4AAC3F024E71A3B0057D135 /* Zephyr */ = {
			isa = XCSwiftPackageProductDependency;
			package = E4AAC3EF24E71A3B0057D135 /* XCRemoteSwiftPackageReference "Zephyr" */;
			productName = Zephyr;
		};
		E4AAC3F324E773DB0057D135 /* Zephyr */ = {
			isa = XCSwiftPackageProductDependency;
			package = E4AAC3EF24E71A3B0057D135 /* XCRemoteSwiftPackageReference "Zephyr" */;
			productName = Zephyr;
		};
		E4AAC3F824EB41DC0057D135 /* KeychainAccess */ = {
			isa = XCSwiftPackageProductDependency;
			package = E4AAC3F724EB41DC0057D135 /* XCRemoteSwiftPackageReference "KeychainAccess" */;
			productName = KeychainAccess;
		};
		E4AAC3FA24EB41F20057D135 /* KeychainAccess */ = {
			isa = XCSwiftPackageProductDependency;
			package = E4AAC3F724EB41DC0057D135 /* XCRemoteSwiftPackageReference "KeychainAccess" */;
			productName = KeychainAccess;
		};
		E4C759EF250BDF09003616CE /* AwaitKit */ = {
			isa = XCSwiftPackageProductDependency;
			package = E4C759EE250BDF09003616CE /* XCRemoteSwiftPackageReference "AwaitKit" */;
			productName = AwaitKit;
		};
		E4C759F2250BDFF3003616CE /* PromiseKit */ = {
			isa = XCSwiftPackageProductDependency;
			package = E4C759F1250BDFF3003616CE /* XCRemoteSwiftPackageReference "PromiseKit" */;
			productName = PromiseKit;
		};
		E4C759F4250BE037003616CE /* PromiseKit */ = {
			isa = XCSwiftPackageProductDependency;
			package = E4C759F1250BDFF3003616CE /* XCRemoteSwiftPackageReference "PromiseKit" */;
			productName = PromiseKit;
		};
		E4C759F6250BE045003616CE /* AwaitKit */ = {
			isa = XCSwiftPackageProductDependency;
			package = E4C759EE250BDF09003616CE /* XCRemoteSwiftPackageReference "AwaitKit" */;
			productName = AwaitKit;
		};
/* End XCSwiftPackageProductDependency section */
	};
	rootObject = E43A9EED24D0C771000C23DB /* Project object */;
}
